// !$*UTF8*$!
{
	archiveVersion = 1;
	classes = {
	};
	objectVersion = 56;
	objects = {

/* Begin PBXBuildFile section */
		44D46C9C2997E19700EE2C60 /* Little_Lemon_Dinner_Menu_For_Meta_SwiftUIApp.swift in Sources */ = {isa = PBXBuildFile; fileRef = 44D46C9B2997E19700EE2C60 /* Little_Lemon_Dinner_Menu_For_Meta_SwiftUIApp.swift */; };
		44D46CA02997E19800EE2C60 /* Assets.xcassets in Resources */ = {isa = PBXBuildFile; fileRef = 44D46C9F2997E19800EE2C60 /* Assets.xcassets */; };
		44D46CA32997E19800EE2C60 /* Preview Assets.xcassets in Resources */ = {isa = PBXBuildFile; fileRef = 44D46CA22997E19800EE2C60 /* Preview Assets.xcassets */; };
		44D46CAA2997E1DE00EE2C60 /* MenuItemsView.swift in Sources */ = {isa = PBXBuildFile; fileRef = 44D46CA92997E1DE00EE2C60 /* MenuItemsView.swift */; };
		44D46CAC2997E1F600EE2C60 /* MenuItemsOptionView.swift in Sources */ = {isa = PBXBuildFile; fileRef = 44D46CAB2997E1F600EE2C60 /* MenuItemsOptionView.swift */; };
		44D46CAE2997E20300EE2C60 /* MenuItemDetailsView.swift in Sources */ = {isa = PBXBuildFile; fileRef = 44D46CAD2997E20300EE2C60 /* MenuItemDetailsView.swift */; };
		44D46CB22997F65800EE2C60 /* MenuCategory.swift in Sources */ = {isa = PBXBuildFile; fileRef = 44D46CB12997F65800EE2C60 /* MenuCategory.swift */; };
		44D46CB42997F6D700EE2C60 /* Ingredient.swift in Sources */ = {isa = PBXBuildFile; fileRef = 44D46CB32997F6D700EE2C60 /* Ingredient.swift */; };
		44D46CB62997F87500EE2C60 /* MenuItem.swift in Sources */ = {isa = PBXBuildFile; fileRef = 44D46CB52997F87500EE2C60 /* MenuItem.swift */; };
		44D46CB82997F9EB00EE2C60 /* MenuViewViewModel.swift in Sources */ = {isa = PBXBuildFile; fileRef = 44D46CB72997F9EB00EE2C60 /* MenuViewViewModel.swift */; };
		44D46CBA2998126D00EE2C60 /* MenuItemDelegate.swift in Sources */ = {isa = PBXBuildFile; fileRef = 44D46CB92998126D00EE2C60 /* MenuItemDelegate.swift */; };
		44D46CC629983D2D00EE2C60 /* Little_Lemon_Dinner_Menu_For_Meta_SwiftUITests.swift in Sources */ = {isa = PBXBuildFile; fileRef = 44D46CC529983D2D00EE2C60 /* Little_Lemon_Dinner_Menu_For_Meta_SwiftUITests.swift */; };
/* End PBXBuildFile section */

/* Begin PBXContainerItemProxy section */
		44D46CC729983D2D00EE2C60 /* PBXContainerItemProxy */ = {
			isa = PBXContainerItemProxy;
			containerPortal = 44D46C902997E19700EE2C60 /* Project object */;
			proxyType = 1;
			remoteGlobalIDString = 44D46C972997E19700EE2C60;
			remoteInfo = "Little Lemon Dinner Menu For Meta SwiftUI";
		};
/* End PBXContainerItemProxy section */

/* Begin PBXFileReference section */
		44D46C982997E19700EE2C60 /* Little Lemon Dinner Menu For Meta SwiftUI.app */ = {isa = PBXFileReference; explicitFileType = wrapper.application; includeInIndex = 0; path = "Little Lemon Dinner Menu For Meta SwiftUI.app"; sourceTree = BUILT_PRODUCTS_DIR; };
		44D46C9B2997E19700EE2C60 /* Little_Lemon_Dinner_Menu_For_Meta_SwiftUIApp.swift */ = {isa = PBXFileReference; lastKnownFileType = sourcecode.swift; path = Little_Lemon_Dinner_Menu_For_Meta_SwiftUIApp.swift; sourceTree = "<group>"; };
		44D46C9F2997E19800EE2C60 /* Assets.xcassets */ = {isa = PBXFileReference; lastKnownFileType = folder.assetcatalog; path = Assets.xcassets; sourceTree = "<group>"; };
		44D46CA22997E19800EE2C60 /* Preview Assets.xcassets */ = {isa = PBXFileReference; lastKnownFileType = folder.assetcatalog; path = "Preview Assets.xcassets"; sourceTree = "<group>"; };
		44D46CA92997E1DE00EE2C60 /* MenuItemsView.swift */ = {isa = PBXFileReference; lastKnownFileType = sourcecode.swift; path = MenuItemsView.swift; sourceTree = "<group>"; };
		44D46CAB2997E1F600EE2C60 /* MenuItemsOptionView.swift */ = {isa = PBXFileReference; lastKnownFileType = sourcecode.swift; path = MenuItemsOptionView.swift; sourceTree = "<group>"; };
		44D46CAD2997E20300EE2C60 /* MenuItemDetailsView.swift */ = {isa = PBXFileReference; lastKnownFileType = sourcecode.swift; path = MenuItemDetailsView.swift; sourceTree = "<group>"; };
		44D46CB12997F65800EE2C60 /* MenuCategory.swift */ = {isa = PBXFileReference; lastKnownFileType = sourcecode.swift; path = MenuCategory.swift; sourceTree = "<group>"; };
		44D46CB32997F6D700EE2C60 /* Ingredient.swift */ = {isa = PBXFileReference; lastKnownFileType = sourcecode.swift; path = Ingredient.swift; sourceTree = "<group>"; };
		44D46CB52997F87500EE2C60 /* MenuItem.swift */ = {isa = PBXFileReference; lastKnownFileType = sourcecode.swift; path = MenuItem.swift; sourceTree = "<group>"; };
		44D46CB72997F9EB00EE2C60 /* MenuViewViewModel.swift */ = {isa = PBXFileReference; lastKnownFileType = sourcecode.swift; path = MenuViewViewModel.swift; sourceTree = "<group>"; };
		44D46CB92998126D00EE2C60 /* MenuItemDelegate.swift */ = {isa = PBXFileReference; lastKnownFileType = sourcecode.swift; path = MenuItemDelegate.swift; sourceTree = "<group>"; };
		44D46CC329983D2D00EE2C60 /* Little Lemon Dinner Menu For Meta SwiftUITests.xctest */ = {isa = PBXFileReference; explicitFileType = wrapper.cfbundle; includeInIndex = 0; path = "Little Lemon Dinner Menu For Meta SwiftUITests.xctest"; sourceTree = BUILT_PRODUCTS_DIR; };
		44D46CC529983D2D00EE2C60 /* Little_Lemon_Dinner_Menu_For_Meta_SwiftUITests.swift */ = {isa = PBXFileReference; lastKnownFileType = sourcecode.swift; path = Little_Lemon_Dinner_Menu_For_Meta_SwiftUITests.swift; sourceTree = "<group>"; };
/* End PBXFileReference section */

/* Begin PBXFrameworksBuildPhase section */
		44D46C952997E19700EE2C60 /* Frameworks */ = {
			isa = PBXFrameworksBuildPhase;
			buildActionMask = 2147483647;
			files = (
			);
			runOnlyForDeploymentPostprocessing = 0;
		};
		44D46CC029983D2D00EE2C60 /* Frameworks */ = {
			isa = PBXFrameworksBuildPhase;
			buildActionMask = 2147483647;
			files = (
			);
			runOnlyForDeploymentPostprocessing = 0;
		};
/* End PBXFrameworksBuildPhase section */

/* Begin PBXGroup section */
		44D46C8F2997E19700EE2C60 = {
			isa = PBXGroup;
			children = (
				44D46C9A2997E19700EE2C60 /* Little Lemon Dinner Menu For Meta SwiftUI */,
				44D46CC429983D2D00EE2C60 /* Little Lemon Dinner Menu For Meta SwiftUITests */,
				44D46C992997E19700EE2C60 /* Products */,
			);
			sourceTree = "<group>";
		};
		44D46C992997E19700EE2C60 /* Products */ = {
			isa = PBXGroup;
			children = (
				44D46C982997E19700EE2C60 /* Little Lemon Dinner Menu For Meta SwiftUI.app */,
				44D46CC329983D2D00EE2C60 /* Little Lemon Dinner Menu For Meta SwiftUITests.xctest */,
			);
			name = Products;
			sourceTree = "<group>";
		};
		44D46C9A2997E19700EE2C60 /* Little Lemon Dinner Menu For Meta SwiftUI */ = {
			isa = PBXGroup;
			children = (
				44D46CBE29983B8500EE2C60 /* Protocols */,
				44D46CBD29983B7000EE2C60 /* Enums */,
				44D46CBC29983B5D00EE2C60 /* Models */,
				44D46CBB29983B3900EE2C60 /* Views */,
				44D46C9B2997E19700EE2C60 /* Little_Lemon_Dinner_Menu_For_Meta_SwiftUIApp.swift */,
				44D46C9F2997E19800EE2C60 /* Assets.xcassets */,
				44D46CA12997E19800EE2C60 /* Preview Content */,
			);
			path = "Little Lemon Dinner Menu For Meta SwiftUI";
			sourceTree = "<group>";
		};
		44D46CA12997E19800EE2C60 /* Preview Content */ = {
			isa = PBXGroup;
			children = (
				44D46CA22997E19800EE2C60 /* Preview Assets.xcassets */,
			);
			path = "Preview Content";
			sourceTree = "<group>";
		};
		44D46CBB29983B3900EE2C60 /* Views */ = {
			isa = PBXGroup;
			children = (
				44D46CA92997E1DE00EE2C60 /* MenuItemsView.swift */,
				44D46CAB2997E1F600EE2C60 /* MenuItemsOptionView.swift */,
				44D46CAD2997E20300EE2C60 /* MenuItemDetailsView.swift */,
			);
			path = Views;
			sourceTree = "<group>";
		};
		44D46CBC29983B5D00EE2C60 /* Models */ = {
			isa = PBXGroup;
			children = (
				44D46CB52997F87500EE2C60 /* MenuItem.swift */,
				44D46CB72997F9EB00EE2C60 /* MenuViewViewModel.swift */,
			);
			path = Models;
			sourceTree = "<group>";
		};
		44D46CBD29983B7000EE2C60 /* Enums */ = {
			isa = PBXGroup;
			children = (
				44D46CB12997F65800EE2C60 /* MenuCategory.swift */,
				44D46CB32997F6D700EE2C60 /* Ingredient.swift */,
			);
			path = Enums;
			sourceTree = "<group>";
		};
		44D46CBE29983B8500EE2C60 /* Protocols */ = {
			isa = PBXGroup;
			children = (
				44D46CB92998126D00EE2C60 /* MenuItemDelegate.swift */,
			);
			path = Protocols;
			sourceTree = "<group>";
		};
		44D46CC429983D2D00EE2C60 /* Little Lemon Dinner Menu For Meta SwiftUITests */ = {
			isa = PBXGroup;
			children = (
				44D46CC529983D2D00EE2C60 /* Little_Lemon_Dinner_Menu_For_Meta_SwiftUITests.swift */,
			);
			path = "Little Lemon Dinner Menu For Meta SwiftUITests";
			sourceTree = "<group>";
		};
/* End PBXGroup section */

/* Begin PBXNativeTarget section */
		44D46C972997E19700EE2C60 /* Little Lemon Dinner Menu For Meta SwiftUI */ = {
			isa = PBXNativeTarget;
			buildConfigurationList = 44D46CA62997E19800EE2C60 /* Build configuration list for PBXNativeTarget "Little Lemon Dinner Menu For Meta SwiftUI" */;
			buildPhases = (
				44D46C942997E19700EE2C60 /* Sources */,
				44D46C952997E19700EE2C60 /* Frameworks */,
				44D46C962997E19700EE2C60 /* Resources */,
			);
			buildRules = (
			);
			dependencies = (
			);
			name = "Little Lemon Dinner Menu For Meta SwiftUI";
			productName = "Little Lemon Dinner Menu For Meta SwiftUI";
			productReference = 44D46C982997E19700EE2C60 /* Little Lemon Dinner Menu For Meta SwiftUI.app */;
			productType = "com.apple.product-type.application";
		};
		44D46CC229983D2D00EE2C60 /* Little Lemon Dinner Menu For Meta SwiftUITests */ = {
			isa = PBXNativeTarget;
			buildConfigurationList = 44D46CC929983D2D00EE2C60 /* Build configuration list for PBXNativeTarget "Little Lemon Dinner Menu For Meta SwiftUITests" */;
			buildPhases = (
				44D46CBF29983D2D00EE2C60 /* Sources */,
				44D46CC029983D2D00EE2C60 /* Frameworks */,
				44D46CC129983D2D00EE2C60 /* Resources */,
			);
			buildRules = (
			);
			dependencies = (
				44D46CC829983D2D00EE2C60 /* PBXTargetDependency */,
			);
			name = "Little Lemon Dinner Menu For Meta SwiftUITests";
			productName = "Little Lemon Dinner Menu For Meta SwiftUITests";
			productReference = 44D46CC329983D2D00EE2C60 /* Little Lemon Dinner Menu For Meta SwiftUITests.xctest */;
			productType = "com.apple.product-type.bundle.unit-test";
		};
/* End PBXNativeTarget section */

/* Begin PBXProject section */
		44D46C902997E19700EE2C60 /* Project object */ = {
			isa = PBXProject;
			attributes = {
				BuildIndependentTargetsInParallel = 1;
				LastSwiftUpdateCheck = 1420;
				LastUpgradeCheck = 1420;
				TargetAttributes = {
					44D46C972997E19700EE2C60 = {
						CreatedOnToolsVersion = 14.2;
					};
					44D46CC229983D2D00EE2C60 = {
						CreatedOnToolsVersion = 14.2;
						TestTargetID = 44D46C972997E19700EE2C60;
					};
				};
			};
			buildConfigurationList = 44D46C932997E19700EE2C60 /* Build configuration list for PBXProject "Little Lemon Dinner Menu For Meta SwiftUI" */;
			compatibilityVersion = "Xcode 14.0";
			developmentRegion = en;
			hasScannedForEncodings = 0;
			knownRegions = (
				en,
				Base,
			);
			mainGroup = 44D46C8F2997E19700EE2C60;
			productRefGroup = 44D46C992997E19700EE2C60 /* Products */;
			projectDirPath = "";
			projectRoot = "";
			targets = (
				44D46C972997E19700EE2C60 /* Little Lemon Dinner Menu For Meta SwiftUI */,
				44D46CC229983D2D00EE2C60 /* Little Lemon Dinner Menu For Meta SwiftUITests */,
			);
		};
/* End PBXProject section */

/* Begin PBXResourcesBuildPhase section */
		44D46C962997E19700EE2C60 /* Resources */ = {
			isa = PBXResourcesBuildPhase;
			buildActionMask = 2147483647;
			files = (
				44D46CA32997E19800EE2C60 /* Preview Assets.xcassets in Resources */,
				44D46CA02997E19800EE2C60 /* Assets.xcassets in Resources */,
			);
			runOnlyForDeploymentPostprocessing = 0;
		};
		44D46CC129983D2D00EE2C60 /* Resources */ = {
			isa = PBXResourcesBuildPhase;
			buildActionMask = 2147483647;
			files = (
			);
			runOnlyForDeploymentPostprocessing = 0;
		};
/* End PBXResourcesBuildPhase section */

/* Begin PBXSourcesBuildPhase section */
		44D46C942997E19700EE2C60 /* Sources */ = {
			isa = PBXSourcesBuildPhase;
			buildActionMask = 2147483647;
			files = (
				44D46CB62997F87500EE2C60 /* MenuItem.swift in Sources */,
				44D46CAC2997E1F600EE2C60 /* MenuItemsOptionView.swift in Sources */,
				44D46CBA2998126D00EE2C60 /* MenuItemDelegate.swift in Sources */,
				44D46CAE2997E20300EE2C60 /* MenuItemDetailsView.swift in Sources */,
				44D46CB42997F6D700EE2C60 /* Ingredient.swift in Sources */,
				44D46CAA2997E1DE00EE2C60 /* MenuItemsView.swift in Sources */,
				44D46C9C2997E19700EE2C60 /* Little_Lemon_Dinner_Menu_For_Meta_SwiftUIApp.swift in Sources */,
				44D46CB82997F9EB00EE2C60 /* MenuViewViewModel.swift in Sources */,
				44D46CB22997F65800EE2C60 /* MenuCategory.swift in Sources */,
			);
			runOnlyForDeploymentPostprocessing = 0;
		};
		44D46CBF29983D2D00EE2C60 /* Sources */ = {
			isa = PBXSourcesBuildPhase;
			buildActionMask = 2147483647;
			files = (
				44D46CC629983D2D00EE2C60 /* Little_Lemon_Dinner_Menu_For_Meta_SwiftUITests.swift in Sources */,
			);
			runOnlyForDeploymentPostprocessing = 0;
		};
/* End PBXSourcesBuildPhase section */

/* Begin PBXTargetDependency section */
		44D46CC829983D2D00EE2C60 /* PBXTargetDependency */ = {
			isa = PBXTargetDependency;
			target = 44D46C972997E19700EE2C60 /* Little Lemon Dinner Menu For Meta SwiftUI */;
			targetProxy = 44D46CC729983D2D00EE2C60 /* PBXContainerItemProxy */;
		};
/* End PBXTargetDependency section */

/* Begin XCBuildConfiguration section */
		44D46CA42997E19800EE2C60 /* Debug */ = {
			isa = XCBuildConfiguration;
			buildSettings = {
				ALWAYS_SEARCH_USER_PATHS = NO;
				CLANG_ANALYZER_NONNULL = YES;
				CLANG_ANALYZER_NUMBER_OBJECT_CONVERSION = YES_AGGRESSIVE;
				CLANG_CXX_LANGUAGE_STANDARD = "gnu++20";
				CLANG_ENABLE_MODULES = YES;
				CLANG_ENABLE_OBJC_ARC = YES;
				CLANG_ENABLE_OBJC_WEAK = YES;
				CLANG_WARN_BLOCK_CAPTURE_AUTORELEASING = YES;
				CLANG_WARN_BOOL_CONVERSION = YES;
				CLANG_WARN_COMMA = YES;
				CLANG_WARN_CONSTANT_CONVERSION = YES;
				CLANG_WARN_DEPRECATED_OBJC_IMPLEMENTATIONS = YES;
				CLANG_WARN_DIRECT_OBJC_ISA_USAGE = YES_ERROR;
				CLANG_WARN_DOCUMENTATION_COMMENTS = YES;
				CLANG_WARN_EMPTY_BODY = YES;
				CLANG_WARN_ENUM_CONVERSION = YES;
				CLANG_WARN_INFINITE_RECURSION = YES;
				CLANG_WARN_INT_CONVERSION = YES;
				CLANG_WARN_NON_LITERAL_NULL_CONVERSION = YES;
				CLANG_WARN_OBJC_IMPLICIT_RETAIN_SELF = YES;
				CLANG_WARN_OBJC_LITERAL_CONVERSION = YES;
				CLANG_WARN_OBJC_ROOT_CLASS = YES_ERROR;
				CLANG_WARN_QUOTED_INCLUDE_IN_FRAMEWORK_HEADER = YES;
				CLANG_WARN_RANGE_LOOP_ANALYSIS = YES;
				CLANG_WARN_STRICT_PROTOTYPES = YES;
				CLANG_WARN_SUSPICIOUS_MOVE = YES;
				CLANG_WARN_UNGUARDED_AVAILABILITY = YES_AGGRESSIVE;
				CLANG_WARN_UNREACHABLE_CODE = YES;
				CLANG_WARN__DUPLICATE_METHOD_MATCH = YES;
				COPY_PHASE_STRIP = NO;
				DEBUG_INFORMATION_FORMAT = dwarf;
				ENABLE_STRICT_OBJC_MSGSEND = YES;
				ENABLE_TESTABILITY = YES;
				GCC_C_LANGUAGE_STANDARD = gnu11;
				GCC_DYNAMIC_NO_PIC = NO;
				GCC_NO_COMMON_BLOCKS = YES;
				GCC_OPTIMIZATION_LEVEL = 0;
				GCC_PREPROCESSOR_DEFINITIONS = (
					"DEBUG=1",
					"$(inherited)",
				);
				GCC_WARN_64_TO_32_BIT_CONVERSION = YES;
				GCC_WARN_ABOUT_RETURN_TYPE = YES_ERROR;
				GCC_WARN_UNDECLARED_SELECTOR = YES;
				GCC_WARN_UNINITIALIZED_AUTOS = YES_AGGRESSIVE;
				GCC_WARN_UNUSED_FUNCTION = YES;
				GCC_WARN_UNUSED_VARIABLE = YES;
				IPHONEOS_DEPLOYMENT_TARGET = 16.2;
				MTL_ENABLE_DEBUG_INFO = INCLUDE_SOURCE;
				MTL_FAST_MATH = YES;
				ONLY_ACTIVE_ARCH = YES;
				SDKROOT = iphoneos;
				SWIFT_ACTIVE_COMPILATION_CONDITIONS = DEBUG;
				SWIFT_OPTIMIZATION_LEVEL = "-Onone";
			};
			name = Debug;
		};
		44D46CA52997E19800EE2C60 /* Release */ = {
			isa = XCBuildConfiguration;
			buildSettings = {
				ALWAYS_SEARCH_USER_PATHS = NO;
				CLANG_ANALYZER_NONNULL = YES;
				CLANG_ANALYZER_NUMBER_OBJECT_CONVERSION = YES_AGGRESSIVE;
				CLANG_CXX_LANGUAGE_STANDARD = "gnu++20";
				CLANG_ENABLE_MODULES = YES;
				CLANG_ENABLE_OBJC_ARC = YES;
				CLANG_ENABLE_OBJC_WEAK = YES;
				CLANG_WARN_BLOCK_CAPTURE_AUTORELEASING = YES;
				CLANG_WARN_BOOL_CONVERSION = YES;
				CLANG_WARN_COMMA = YES;
				CLANG_WARN_CONSTANT_CONVERSION = YES;
				CLANG_WARN_DEPRECATED_OBJC_IMPLEMENTATIONS = YES;
				CLANG_WARN_DIRECT_OBJC_ISA_USAGE = YES_ERROR;
				CLANG_WARN_DOCUMENTATION_COMMENTS = YES;
				CLANG_WARN_EMPTY_BODY = YES;
				CLANG_WARN_ENUM_CONVERSION = YES;
				CLANG_WARN_INFINITE_RECURSION = YES;
				CLANG_WARN_INT_CONVERSION = YES;
				CLANG_WARN_NON_LITERAL_NULL_CONVERSION = YES;
				CLANG_WARN_OBJC_IMPLICIT_RETAIN_SELF = YES;
				CLANG_WARN_OBJC_LITERAL_CONVERSION = YES;
				CLANG_WARN_OBJC_ROOT_CLASS = YES_ERROR;
				CLANG_WARN_QUOTED_INCLUDE_IN_FRAMEWORK_HEADER = YES;
				CLANG_WARN_RANGE_LOOP_ANALYSIS = YES;
				CLANG_WARN_STRICT_PROTOTYPES = YES;
				CLANG_WARN_SUSPICIOUS_MOVE = YES;
				CLANG_WARN_UNGUARDED_AVAILABILITY = YES_AGGRESSIVE;
				CLANG_WARN_UNREACHABLE_CODE = YES;
				CLANG_WARN__DUPLICATE_METHOD_MATCH = YES;
				COPY_PHASE_STRIP = NO;
				DEBUG_INFORMATION_FORMAT = "dwarf-with-dsym";
				ENABLE_NS_ASSERTIONS = NO;
				ENABLE_STRICT_OBJC_MSGSEND = YES;
				GCC_C_LANGUAGE_STANDARD = gnu11;
				GCC_NO_COMMON_BLOCKS = YES;
				GCC_WARN_64_TO_32_BIT_CONVERSION = YES;
				GCC_WARN_ABOUT_RETURN_TYPE = YES_ERROR;
				GCC_WARN_UNDECLARED_SELECTOR = YES;
				GCC_WARN_UNINITIALIZED_AUTOS = YES_AGGRESSIVE;
				GCC_WARN_UNUSED_FUNCTION = YES;
				GCC_WARN_UNUSED_VARIABLE = YES;
				IPHONEOS_DEPLOYMENT_TARGET = 16.2;
				MTL_ENABLE_DEBUG_INFO = NO;
				MTL_FAST_MATH = YES;
				SDKROOT = iphoneos;
				SWIFT_COMPILATION_MODE = wholemodule;
				SWIFT_OPTIMIZATION_LEVEL = "-O";
				VALIDATE_PRODUCT = YES;
			};
			name = Release;
		};
		44D46CA72997E19800EE2C60 /* Debug */ = {
			isa = XCBuildConfiguration;
			buildSettings = {
				ASSETCATALOG_COMPILER_APPICON_NAME = AppIcon;
				ASSETCATALOG_COMPILER_GLOBAL_ACCENT_COLOR_NAME = AccentColor;
				CODE_SIGN_STYLE = Automatic;
				CURRENT_PROJECT_VERSION = 1;
				DEVELOPMENT_ASSET_PATHS = "\"Little Lemon Dinner Menu For Meta SwiftUI/Preview Content\"";
				DEVELOPMENT_TEAM = 3PN53MQP93;
				ENABLE_PREVIEWS = YES;
				GENERATE_INFOPLIST_FILE = YES;
				INFOPLIST_KEY_UIApplicationSceneManifest_Generation = YES;
				INFOPLIST_KEY_UIApplicationSupportsIndirectInputEvents = YES;
				INFOPLIST_KEY_UILaunchScreen_Generation = YES;
				INFOPLIST_KEY_UISupportedInterfaceOrientations_iPad = "UIInterfaceOrientationPortrait UIInterfaceOrientationPortraitUpsideDown UIInterfaceOrientationLandscapeLeft UIInterfaceOrientationLandscapeRight";
				INFOPLIST_KEY_UISupportedInterfaceOrientations_iPhone = "UIInterfaceOrientationPortrait UIInterfaceOrientationLandscapeLeft UIInterfaceOrientationLandscapeRight";
				LD_RUNPATH_SEARCH_PATHS = (
					"$(inherited)",
					"@executable_path/Frameworks",
				);
				MARKETING_VERSION = 1.0;
				PRODUCT_BUNDLE_IDENTIFIER = "com.smakhtin.LittleLemonDinnerMenu.Little-Lemon-Dinner-Menu-For-Meta-SwiftUI";
				PRODUCT_NAME = "$(TARGET_NAME)";
				SWIFT_EMIT_LOC_STRINGS = YES;
				SWIFT_VERSION = 5.0;
				TARGETED_DEVICE_FAMILY = "1,2";
			};
			name = Debug;
		};
		44D46CA82997E19800EE2C60 /* Release */ = {
			isa = XCBuildConfiguration;
			buildSettings = {
				ASSETCATALOG_COMPILER_APPICON_NAME = AppIcon;
				ASSETCATALOG_COMPILER_GLOBAL_ACCENT_COLOR_NAME = AccentColor;
				CODE_SIGN_STYLE = Automatic;
				CURRENT_PROJECT_VERSION = 1;
				DEVELOPMENT_ASSET_PATHS = "\"Little Lemon Dinner Menu For Meta SwiftUI/Preview Content\"";
				DEVELOPMENT_TEAM = 3PN53MQP93;
				ENABLE_PREVIEWS = YES;
				GENERATE_INFOPLIST_FILE = YES;
				INFOPLIST_KEY_UIApplicationSceneManifest_Generation = YES;
				INFOPLIST_KEY_UIApplicationSupportsIndirectInputEvents = YES;
				INFOPLIST_KEY_UILaunchScreen_Generation = YES;
				INFOPLIST_KEY_UISupportedInterfaceOrientations_iPad = "UIInterfaceOrientationPortrait UIInterfaceOrientationPortraitUpsideDown UIInterfaceOrientationLandscapeLeft UIInterfaceOrientationLandscapeRight";
				INFOPLIST_KEY_UISupportedInterfaceOrientations_iPhone = "UIInterfaceOrientationPortrait UIInterfaceOrientationLandscapeLeft UIInterfaceOrientationLandscapeRight";
				LD_RUNPATH_SEARCH_PATHS = (
					"$(inherited)",
					"@executable_path/Frameworks",
				);
				MARKETING_VERSION = 1.0;
				PRODUCT_BUNDLE_IDENTIFIER = "com.smakhtin.LittleLemonDinnerMenu.Little-Lemon-Dinner-Menu-For-Meta-SwiftUI";
				PRODUCT_NAME = "$(TARGET_NAME)";
				SWIFT_EMIT_LOC_STRINGS = YES;
				SWIFT_VERSION = 5.0;
				TARGETED_DEVICE_FAMILY = "1,2";
			};
			name = Release;
		};
		44D46CCA29983D2D00EE2C60 /* Debug */ = {
			isa = XCBuildConfiguration;
			buildSettings = {
				BUNDLE_LOADER = "$(TEST_HOST)";
				CODE_SIGN_STYLE = Automatic;
				CURRENT_PROJECT_VERSION = 1;
				DEVELOPMENT_TEAM = 3PN53MQP93;
				GENERATE_INFOPLIST_FILE = YES;
				MARKETING_VERSION = 1.0;
				PRODUCT_BUNDLE_IDENTIFIER = "com.smakhtin.LittleLemonDinnerMenu.Little-Lemon-Dinner-Menu-For-Meta-SwiftUITests";
				PRODUCT_NAME = "$(TARGET_NAME)";
				SWIFT_EMIT_LOC_STRINGS = NO;
				SWIFT_VERSION = 5.0;
				TARGETED_DEVICE_FAMILY = "1,2";
				TEST_HOST = "$(BUILT_PRODUCTS_DIR)/Little Lemon Dinner Menu For Meta SwiftUI.app/$(BUNDLE_EXECUTABLE_FOLDER_PATH)/Little Lemon Dinner Menu For Meta SwiftUI";
			};
			name = Debug;
		};
		44D46CCB29983D2D00EE2C60 /* Release */ = {
			isa = XCBuildConfiguration;
			buildSettings = {
				BUNDLE_LOADER = "$(TEST_HOST)";
				CODE_SIGN_STYLE = Automatic;
				CURRENT_PROJECT_VERSION = 1;
				DEVELOPMENT_TEAM = 3PN53MQP93;
				GENERATE_INFOPLIST_FILE = YES;
				MARKETING_VERSION = 1.0;
				PRODUCT_BUNDLE_IDENTIFIER = "com.smakhtin.LittleLemonDinnerMenu.Little-Lemon-Dinner-Menu-For-Meta-SwiftUITests";
				PRODUCT_NAME = "$(TARGET_NAME)";
				SWIFT_EMIT_LOC_STRINGS = NO;
				SWIFT_VERSION = 5.0;
				TARGETED_DEVICE_FAMILY = "1,2";
				TEST_HOST = "$(BUILT_PRODUCTS_DIR)/Little Lemon Dinner Menu For Meta SwiftUI.app/$(BUNDLE_EXECUTABLE_FOLDER_PATH)/Little Lemon Dinner Menu For Meta SwiftUI";
			};
			name = Release;
		};
/* End XCBuildConfiguration section */

/* Begin XCConfigurationList section */
		44D46C932997E19700EE2C60 /* Build configuration list for PBXProject "Little Lemon Dinner Menu For Meta SwiftUI" */ = {
			isa = XCConfigurationList;
			buildConfigurations = (
				44D46CA42997E19800EE2C60 /* Debug */,
				44D46CA52997E19800EE2C60 /* Release */,
			);
			defaultConfigurationIsVisible = 0;
			defaultConfigurationName = Release;
		};
		44D46CA62997E19800EE2C60 /* Build configuration list for PBXNativeTarget "Little Lemon Dinner Menu For Meta SwiftUI" */ = {
			isa = XCConfigurationList;
			buildConfigurations = (
				44D46CA72997E19800EE2C60 /* Debug */,
				44D46CA82997E19800EE2C60 /* Release */,
			);
			defaultConfigurationIsVisible = 0;
			defaultConfigurationName = Release;
		};
		44D46CC929983D2D00EE2C60 /* Build configuration list for PBXNativeTarget "Little Lemon Dinner Menu For Meta SwiftUITests" */ = {
			isa = XCConfigurationList;
			buildConfigurations = (
				44D46CCA29983D2D00EE2C60 /* Debug */,
				44D46CCB29983D2D00EE2C60 /* Release */,
			);
			defaultConfigurationIsVisible = 0;
			defaultConfigurationName = Release;
		};
/* End XCConfigurationList section */
	};
	rootObject = 44D46C902997E19700EE2C60 /* Project object */;
}
